
Microsoft Visual Studio Solution File, Format Version 12.00
# Visual Studio Version 16
VisualStudioVersion = 16.0.29215.179
MinimumVisualStudioVersion = 10.0.40219.1
Project("{9A19103F-16F7-4668-BE54-9A1E7A4F7556}") = "CopaFilmesAPI", "CopaFilmesAPI.csproj", "{56C4FC72-49CB-4A27-BC60-6460010EFC1D}"
EndProject
Project("{FAE04EC0-301F-11D3-BF4B-00C04F79EFBC}") = "CopaFilmesTestes", "..\CopaFilmesTestes\CopaFilmesTestes.csproj", "{7C2984E5-CAE8-492F-ABCC-086E82744164}"
EndProject
Global
	GlobalSection(SolutionConfigurationPlatforms) = preSolution
		Debug|Any CPU = Debug|Any CPU
		Release|Any CPU = Release|Any CPU
	EndGlobalSection
	GlobalSection(ProjectConfigurationPlatforms) = postSolution
		{56C4FC72-49CB-4A27-BC60-6460010EFC1D}.Debug|Any CPU.ActiveCfg = Debug|Any CPU
		{56C4FC72-49CB-4A27-BC60-6460010EFC1D}.Debug|Any CPU.Build.0 = Debug|Any CPU
		{56C4FC72-49CB-4A27-BC60-6460010EFC1D}.Release|Any CPU.ActiveCfg = Release|Any CPU
		{56C4FC72-49CB-4A27-BC60-6460010EFC1D}.Release|Any CPU.Build.0 = Release|Any CPU
		{7C2984E5-CAE8-492F-ABCC-086E82744164}.Debug|Any CPU.ActiveCfg = Debug|Any CPU
		{7C2984E5-CAE8-492F-ABCC-086E82744164}.Debug|Any CPU.Build.0 = Debug|Any CPU
		{7C2984E5-CAE8-492F-ABCC-086E82744164}.Release|Any CPU.ActiveCfg = Release|Any CPU
		{7C2984E5-CAE8-492F-ABCC-086E82744164}.Release|Any CPU.Build.0 = Release|Any CPU
	EndGlobalSection
	GlobalSection(SolutionProperties) = preSolution
		HideSolutionNode = FALSE
	EndGlobalSection
	GlobalSection(ExtensibilityGlobals) = postSolution
		SolutionGuid = {66DB4768-FC77-4062-AA33-E464C5FD67B0}
	EndGlobalSection
EndGlobal
